
Microsoft Visual Studio Solution File, Format Version 12.00
# Visual Studio Version 17
VisualStudioVersion = 17.10.35027.167
MinimumVisualStudioVersion = 10.0.40219.1
Project("{8BC9CEB8-8B4A-11D0-8D11-00A0C91BC942}") = "Lab1cpp", "Lab1cpp\Lab1cpp.vcxproj", "{8B252087-DA42-462F-9BE3-6FA15E6303BB}"
EndProject
Project("{9A19103F-16F7-4668-BE54-9A1E7A4F7556}") = "Lab1.cs", "lab1.cs\Lab1.cs.csproj", "{19A46A99-CCB5-46A6-AF1C-A0E154C06CCF}"
EndProject
Project("{9A19103F-16F7-4668-BE54-9A1E7A4F7556}") = "Lab2.cs", "Lab2.cs\Lab2.cs.csproj", "{4C363A46-4F1C-4C40-8F94-6EF3CDB73541}"
EndProject
Project("{8BC9CEB8-8B4A-11D0-8D11-00A0C91BC942}") = "Lab2.cpp", "Lab2.cpp\Lab2.cpp.vcxproj", "{C56F5336-9084-4384-B023-8AC1CF4DE9DD}"
EndProject
Project("{2150E333-8FDC-42A3-9474-1A3956D46DE8}") = "Lab1", "Lab1", "{8F7F501E-1E1D-408E-ADCF-DF5016B6C642}"
EndProject
Project("{2150E333-8FDC-42A3-9474-1A3956D46DE8}") = "Lab2", "Lab2", "{5B34FDC8-180C-4A42-8C69-1C2F453E386F}"
EndProject
Project("{9A19103F-16F7-4668-BE54-9A1E7A4F7556}") = "ConsoleApp1", "ConsoleApp1\ConsoleApp1.csproj", "{8926962F-F4CF-418E-A7F0-FFA765CAD55D}"
EndProject
Project("{2150E333-8FDC-42A3-9474-1A3956D46DE8}") = "Lab3", "Lab3", "{69272E45-B08E-4222-A0CF-A696369FD0F5}"
EndProject
Project("{FAE04EC0-301F-11D3-BF4B-00C04F79EFBC}") = "Lab3.cs", "Lab3.cs\Lab3.cs.csproj", "{57DECC90-DF0C-4C07-AC63-D399474D0AB8}"
EndProject
Project("{8BC9CEB8-8B4A-11D0-8D11-00A0C91BC942}") = "Lab3.cpp", "Lab3.cpp\Lab3.cpp.vcxproj", "{31E5000F-F4E3-4016-A8D7-C0DC068954AD}"
EndProject
Global
	GlobalSection(SolutionConfigurationPlatforms) = preSolution
		Debug|Any CPU = Debug|Any CPU
		Debug|x64 = Debug|x64
		Debug|x86 = Debug|x86
		Release|Any CPU = Release|Any CPU
		Release|x64 = Release|x64
		Release|x86 = Release|x86
	EndGlobalSection
	GlobalSection(ProjectConfigurationPlatforms) = postSolution
		{8B252087-DA42-462F-9BE3-6FA15E6303BB}.Debug|Any CPU.ActiveCfg = Debug|x64
		{8B252087-DA42-462F-9BE3-6FA15E6303BB}.Debug|Any CPU.Build.0 = Debug|x64
		{8B252087-DA42-462F-9BE3-6FA15E6303BB}.Debug|x64.ActiveCfg = Debug|x64
		{8B252087-DA42-462F-9BE3-6FA15E6303BB}.Debug|x64.Build.0 = Debug|x64
		{8B252087-DA42-462F-9BE3-6FA15E6303BB}.Debug|x86.ActiveCfg = Debug|Win32
		{8B252087-DA42-462F-9BE3-6FA15E6303BB}.Debug|x86.Build.0 = Debug|Win32
		{8B252087-DA42-462F-9BE3-6FA15E6303BB}.Release|Any CPU.ActiveCfg = Release|x64
		{8B252087-DA42-462F-9BE3-6FA15E6303BB}.Release|Any CPU.Build.0 = Release|x64
		{8B252087-DA42-462F-9BE3-6FA15E6303BB}.Release|x64.ActiveCfg = Release|x64
		{8B252087-DA42-462F-9BE3-6FA15E6303BB}.Release|x64.Build.0 = Release|x64
		{8B252087-DA42-462F-9BE3-6FA15E6303BB}.Release|x86.ActiveCfg = Release|Win32
		{8B252087-DA42-462F-9BE3-6FA15E6303BB}.Release|x86.Build.0 = Release|Win32
		{19A46A99-CCB5-46A6-AF1C-A0E154C06CCF}.Debug|Any CPU.ActiveCfg = Debug|Any CPU
		{19A46A99-CCB5-46A6-AF1C-A0E154C06CCF}.Debug|Any CPU.Build.0 = Debug|Any CPU
		{19A46A99-CCB5-46A6-AF1C-A0E154C06CCF}.Debug|x64.ActiveCfg = Debug|Any CPU
		{19A46A99-CCB5-46A6-AF1C-A0E154C06CCF}.Debug|x64.Build.0 = Debug|Any CPU
		{19A46A99-CCB5-46A6-AF1C-A0E154C06CCF}.Debug|x86.ActiveCfg = Debug|Any CPU
		{19A46A99-CCB5-46A6-AF1C-A0E154C06CCF}.Debug|x86.Build.0 = Debug|Any CPU
		{19A46A99-CCB5-46A6-AF1C-A0E154C06CCF}.Release|Any CPU.ActiveCfg = Release|Any CPU
		{19A46A99-CCB5-46A6-AF1C-A0E154C06CCF}.Release|Any CPU.Build.0 = Release|Any CPU
		{19A46A99-CCB5-46A6-AF1C-A0E154C06CCF}.Release|x64.ActiveCfg = Release|Any CPU
		{19A46A99-CCB5-46A6-AF1C-A0E154C06CCF}.Release|x64.Build.0 = Release|Any CPU
		{19A46A99-CCB5-46A6-AF1C-A0E154C06CCF}.Release|x86.ActiveCfg = Release|Any CPU
		{19A46A99-CCB5-46A6-AF1C-A0E154C06CCF}.Release|x86.Build.0 = Release|Any CPU
		{4C363A46-4F1C-4C40-8F94-6EF3CDB73541}.Debug|Any CPU.ActiveCfg = Debug|Any CPU
		{4C363A46-4F1C-4C40-8F94-6EF3CDB73541}.Debug|Any CPU.Build.0 = Debug|Any CPU
		{4C363A46-4F1C-4C40-8F94-6EF3CDB73541}.Debug|x64.ActiveCfg = Debug|Any CPU
		{4C363A46-4F1C-4C40-8F94-6EF3CDB73541}.Debug|x64.Build.0 = Debug|Any CPU
		{4C363A46-4F1C-4C40-8F94-6EF3CDB73541}.Debug|x86.ActiveCfg = Debug|Any CPU
		{4C363A46-4F1C-4C40-8F94-6EF3CDB73541}.Debug|x86.Build.0 = Debug|Any CPU
		{4C363A46-4F1C-4C40-8F94-6EF3CDB73541}.Release|Any CPU.ActiveCfg = Release|Any CPU
		{4C363A46-4F1C-4C40-8F94-6EF3CDB73541}.Release|Any CPU.Build.0 = Release|Any CPU
		{4C363A46-4F1C-4C40-8F94-6EF3CDB73541}.Release|x64.ActiveCfg = Release|Any CPU
		{4C363A46-4F1C-4C40-8F94-6EF3CDB73541}.Release|x64.Build.0 = Release|Any CPU
		{4C363A46-4F1C-4C40-8F94-6EF3CDB73541}.Release|x86.ActiveCfg = Release|Any CPU
		{4C363A46-4F1C-4C40-8F94-6EF3CDB73541}.Release|x86.Build.0 = Release|Any CPU
		{C56F5336-9084-4384-B023-8AC1CF4DE9DD}.Debug|Any CPU.ActiveCfg = Debug|x64
		{C56F5336-9084-4384-B023-8AC1CF4DE9DD}.Debug|Any CPU.Build.0 = Debug|x64
		{C56F5336-9084-4384-B023-8AC1CF4DE9DD}.Debug|x64.ActiveCfg = Debug|x64
		{C56F5336-9084-4384-B023-8AC1CF4DE9DD}.Debug|x64.Build.0 = Debug|x64
		{C56F5336-9084-4384-B023-8AC1CF4DE9DD}.Debug|x86.ActiveCfg = Debug|Win32
		{C56F5336-9084-4384-B023-8AC1CF4DE9DD}.Debug|x86.Build.0 = Debug|Win32
		{C56F5336-9084-4384-B023-8AC1CF4DE9DD}.Release|Any CPU.ActiveCfg = Release|x64
		{C56F5336-9084-4384-B023-8AC1CF4DE9DD}.Release|Any CPU.Build.0 = Release|x64
		{C56F5336-9084-4384-B023-8AC1CF4DE9DD}.Release|x64.ActiveCfg = Release|x64
		{C56F5336-9084-4384-B023-8AC1CF4DE9DD}.Release|x64.Build.0 = Release|x64
		{C56F5336-9084-4384-B023-8AC1CF4DE9DD}.Release|x86.ActiveCfg = Release|Win32
		{C56F5336-9084-4384-B023-8AC1CF4DE9DD}.Release|x86.Build.0 = Release|Win32
		{8926962F-F4CF-418E-A7F0-FFA765CAD55D}.Debug|Any CPU.ActiveCfg = Debug|Any CPU
		{8926962F-F4CF-418E-A7F0-FFA765CAD55D}.Debug|Any CPU.Build.0 = Debug|Any CPU
		{8926962F-F4CF-418E-A7F0-FFA765CAD55D}.Debug|x64.ActiveCfg = Debug|Any CPU
		{8926962F-F4CF-418E-A7F0-FFA765CAD55D}.Debug|x64.Build.0 = Debug|Any CPU
		{8926962F-F4CF-418E-A7F0-FFA765CAD55D}.Debug|x86.ActiveCfg = Debug|Any CPU
		{8926962F-F4CF-418E-A7F0-FFA765CAD55D}.Debug|x86.Build.0 = Debug|Any CPU
		{8926962F-F4CF-418E-A7F0-FFA765CAD55D}.Release|Any CPU.ActiveCfg = Release|Any CPU
		{8926962F-F4CF-418E-A7F0-FFA765CAD55D}.Release|Any CPU.Build.0 = Release|Any CPU
		{8926962F-F4CF-418E-A7F0-FFA765CAD55D}.Release|x64.ActiveCfg = Release|Any CPU
		{8926962F-F4CF-418E-A7F0-FFA765CAD55D}.Release|x64.Build.0 = Release|Any CPU
		{8926962F-F4CF-418E-A7F0-FFA765CAD55D}.Release|x86.ActiveCfg = Release|Any CPU
		{8926962F-F4CF-418E-A7F0-FFA765CAD55D}.Release|x86.Build.0 = Release|Any CPU
		{57DECC90-DF0C-4C07-AC63-D399474D0AB8}.Debug|Any CPU.ActiveCfg = Debug|Any CPU
		{57DECC90-DF0C-4C07-AC63-D399474D0AB8}.Debug|Any CPU.Build.0 = Debug|Any CPU
		{57DECC90-DF0C-4C07-AC63-D399474D0AB8}.Debug|x64.ActiveCfg = Debug|Any CPU
		{57DECC90-DF0C-4C07-AC63-D399474D0AB8}.Debug|x64.Build.0 = Debug|Any CPU
		{57DECC90-DF0C-4C07-AC63-D399474D0AB8}.Debug|x86.ActiveCfg = Debug|Any CPU
		{57DECC90-DF0C-4C07-AC63-D399474D0AB8}.Debug|x86.Build.0 = Debug|Any CPU
		{57DECC90-DF0C-4C07-AC63-D399474D0AB8}.Release|Any CPU.ActiveCfg = Release|Any CPU
		{57DECC90-DF0C-4C07-AC63-D399474D0AB8}.Release|Any CPU.Build.0 = Release|Any CPU
		{57DECC90-DF0C-4C07-AC63-D399474D0AB8}.Release|x64.ActiveCfg = Release|Any CPU
		{57DECC90-DF0C-4C07-AC63-D399474D0AB8}.Release|x64.Build.0 = Release|Any CPU
		{57DECC90-DF0C-4C07-AC63-D399474D0AB8}.Release|x86.ActiveCfg = Release|Any CPU
		{57DECC90-DF0C-4C07-AC63-D399474D0AB8}.Release|x86.Build.0 = Release|Any CPU
		{31E5000F-F4E3-4016-A8D7-C0DC068954AD}.Debug|Any CPU.ActiveCfg = Debug|x64
		{31E5000F-F4E3-4016-A8D7-C0DC068954AD}.Debug|Any CPU.Build.0 = Debug|x64
		{31E5000F-F4E3-4016-A8D7-C0DC068954AD}.Debug|x64.ActiveCfg = Debug|x64
		{31E5000F-F4E3-4016-A8D7-C0DC068954AD}.Debug|x64.Build.0 = Debug|x64
		{31E5000F-F4E3-4016-A8D7-C0DC068954AD}.Debug|x86.ActiveCfg = Debug|Win32
		{31E5000F-F4E3-4016-A8D7-C0DC068954AD}.Debug|x86.Build.0 = Debug|Win32
		{31E5000F-F4E3-4016-A8D7-C0DC068954AD}.Release|Any CPU.ActiveCfg = Release|x64
		{31E5000F-F4E3-4016-A8D7-C0DC068954AD}.Release|Any CPU.Build.0 = Release|x64
		{31E5000F-F4E3-4016-A8D7-C0DC068954AD}.Release|x64.ActiveCfg = Release|x64
		{31E5000F-F4E3-4016-A8D7-C0DC068954AD}.Release|x64.Build.0 = Release|x64
		{31E5000F-F4E3-4016-A8D7-C0DC068954AD}.Release|x86.ActiveCfg = Release|Win32
		{31E5000F-F4E3-4016-A8D7-C0DC068954AD}.Release|x86.Build.0 = Release|Win32
	EndGlobalSection
	GlobalSection(SolutionProperties) = preSolution
		HideSolutionNode = FALSE
	EndGlobalSection
	GlobalSection(NestedProjects) = preSolution
		{8B252087-DA42-462F-9BE3-6FA15E6303BB} = {8F7F501E-1E1D-408E-ADCF-DF5016B6C642}
		{19A46A99-CCB5-46A6-AF1C-A0E154C06CCF} = {8F7F501E-1E1D-408E-ADCF-DF5016B6C642}
		{4C363A46-4F1C-4C40-8F94-6EF3CDB73541} = {5B34FDC8-180C-4A42-8C69-1C2F453E386F}
		{C56F5336-9084-4384-B023-8AC1CF4DE9DD} = {5B34FDC8-180C-4A42-8C69-1C2F453E386F}
		{57DECC90-DF0C-4C07-AC63-D399474D0AB8} = {69272E45-B08E-4222-A0CF-A696369FD0F5}
		{31E5000F-F4E3-4016-A8D7-C0DC068954AD} = {69272E45-B08E-4222-A0CF-A696369FD0F5}
	EndGlobalSection
	GlobalSection(ExtensibilityGlobals) = postSolution
		SolutionGuid = {4DF0220F-F914-4E11-9C6E-D302D4E6EA45}
	EndGlobalSection
EndGlobal
